
Microsoft Visual Studio Solution File, Format Version 12.00
# Visual Studio 2012
Project("{FAE04EC0-301F-11D3-BF4B-00C04F79EFBC}") = "rekeningenJSON", "rekeningenJSON\rekeningenJSON.csproj", "{F4FF2333-DD86-4499-8581-0CF7605EC18F}"
EndProject
Project("{FAE04EC0-301F-11D3-BF4B-00C04F79EFBC}") = "rekeningenJSON.Tests", "rekeningenJSON.Tests\rekeningenJSON.Tests.csproj", "{CE6D8376-77D4-4191-A78B-0B86EDFE8E69}"
EndProject
Global
	GlobalSection(SolutionConfigurationPlatforms) = preSolution
		Debug|Any CPU = Debug|Any CPU
		Release|Any CPU = Release|Any CPU
	EndGlobalSection
	GlobalSection(ProjectConfigurationPlatforms) = postSolution
		{F4FF2333-DD86-4499-8581-0CF7605EC18F}.Debug|Any CPU.ActiveCfg = Debug|Any CPU
		{F4FF2333-DD86-4499-8581-0CF7605EC18F}.Debug|Any CPU.Build.0 = Debug|Any CPU
		{F4FF2333-DD86-4499-8581-0CF7605EC18F}.Release|Any CPU.ActiveCfg = Release|Any CPU
		{F4FF2333-DD86-4499-8581-0CF7605EC18F}.Release|Any CPU.Build.0 = Release|Any CPU
		{CE6D8376-77D4-4191-A78B-0B86EDFE8E69}.Debug|Any CPU.ActiveCfg = Debug|Any CPU
		{CE6D8376-77D4-4191-A78B-0B86EDFE8E69}.Debug|Any CPU.Build.0 = Debug|Any CPU
		{CE6D8376-77D4-4191-A78B-0B86EDFE8E69}.Release|Any CPU.ActiveCfg = Release|Any CPU
		{CE6D8376-77D4-4191-A78B-0B86EDFE8E69}.Release|Any CPU.Build.0 = Release|Any CPU
	EndGlobalSection
EndGlobal
